
Microsoft Visual Studio Solution File, Format Version 12.00
# Visual Studio Version 17
VisualStudioVersion = 17.8.34322.80
MinimumVisualStudioVersion = 10.0.40219.1
Project("{FAE04EC0-301F-11D3-BF4B-00C04F79EFBC}") = "AdventOfCode2023", "AdventOfCode2023\AdventOfCode2023\AdventOfCode2023.csproj", "{B8DF0BB3-BE95-4279-8741-A1EF4E223265}"
EndProject
Project("{FAE04EC0-301F-11D3-BF4B-00C04F79EFBC}") = "AdventOfCode2023.Client", "AdventOfCode2023\AdventOfCode2023.Client\AdventOfCode2023.Client.csproj", "{041ABF1D-1251-4CB3-A540-2A2E729D4D80}"
EndProject
Global
	GlobalSection(SolutionConfigurationPlatforms) = preSolution
		Debug|Any CPU = Debug|Any CPU
		Release|Any CPU = Release|Any CPU
	EndGlobalSection
	GlobalSection(ProjectConfigurationPlatforms) = postSolution
		{B8DF0BB3-BE95-4279-8741-A1EF4E223265}.Debug|Any CPU.ActiveCfg = Debug|Any CPU
		{B8DF0BB3-BE95-4279-8741-A1EF4E223265}.Debug|Any CPU.Build.0 = Debug|Any CPU
		{B8DF0BB3-BE95-4279-8741-A1EF4E223265}.Release|Any CPU.ActiveCfg = Release|Any CPU
		{B8DF0BB3-BE95-4279-8741-A1EF4E223265}.Release|Any CPU.Build.0 = Release|Any CPU
		{041ABF1D-1251-4CB3-A540-2A2E729D4D80}.Debug|Any CPU.ActiveCfg = Debug|Any CPU
		{041ABF1D-1251-4CB3-A540-2A2E729D4D80}.Debug|Any CPU.Build.0 = Debug|Any CPU
		{041ABF1D-1251-4CB3-A540-2A2E729D4D80}.Release|Any CPU.ActiveCfg = Release|Any CPU
		{041ABF1D-1251-4CB3-A540-2A2E729D4D80}.Release|Any CPU.Build.0 = Release|Any CPU
	EndGlobalSection
	GlobalSection(SolutionProperties) = preSolution
		HideSolutionNode = FALSE
	EndGlobalSection
	GlobalSection(ExtensibilityGlobals) = postSolution
		SolutionGuid = {943C05EA-3F13-4556-98F7-C8A1EC8E30AB}
	EndGlobalSection
EndGlobal
